// !$*UTF8*$!
{
	archiveVersion = 1;
	classes = {
	};
	objectVersion = 50;
	objects = {

/* Begin PBXBuildFile section */
		F4D92218246C1DC300EB4593 /* AppDelegate.swift in Sources */ = {isa = PBXBuildFile; fileRef = F4D92217246C1DC300EB4593 /* AppDelegate.swift */; };
		F4D9221A246C1DC300EB4593 /* SceneDelegate.swift in Sources */ = {isa = PBXBuildFile; fileRef = F4D92219246C1DC300EB4593 /* SceneDelegate.swift */; };
		F4D9221C246C1DC300EB4593 /* ContentView.swift in Sources */ = {isa = PBXBuildFile; fileRef = F4D9221B246C1DC300EB4593 /* ContentView.swift */; };
		F4D9221E246C1DC400EB4593 /* Assets.xcassets in Resources */ = {isa = PBXBuildFile; fileRef = F4D9221D246C1DC400EB4593 /* Assets.xcassets */; };
		F4D92221246C1DC400EB4593 /* Preview Assets.xcassets in Resources */ = {isa = PBXBuildFile; fileRef = F4D92220246C1DC400EB4593 /* Preview Assets.xcassets */; };
		F4D92224246C1DC400EB4593 /* LaunchScreen.storyboard in Resources */ = {isa = PBXBuildFile; fileRef = F4D92222246C1DC400EB4593 /* LaunchScreen.storyboard */; };
		F4D9222F246C1DC400EB4593 /* NBA_PlayerTests.swift in Sources */ = {isa = PBXBuildFile; fileRef = F4D9222E246C1DC400EB4593 /* NBA_PlayerTests.swift */; };
		F4D9223A246C1DC400EB4593 /* NBA_PlayerUITests.swift in Sources */ = {isa = PBXBuildFile; fileRef = F4D92239246C1DC400EB4593 /* NBA_PlayerUITests.swift */; };
/* End PBXBuildFile section */

/* Begin PBXContainerItemProxy section */
		F4D9222B246C1DC400EB4593 /* PBXContainerItemProxy */ = {
			isa = PBXContainerItemProxy;
			containerPortal = F4D9220C246C1DC300EB4593 /* Project object */;
			proxyType = 1;
			remoteGlobalIDString = F4D92213246C1DC300EB4593;
			remoteInfo = "NBA Player";
		};
		F4D92236246C1DC400EB4593 /* PBXContainerItemProxy */ = {
			isa = PBXContainerItemProxy;
			containerPortal = F4D9220C246C1DC300EB4593 /* Project object */;
			proxyType = 1;
			remoteGlobalIDString = F4D92213246C1DC300EB4593;
			remoteInfo = "NBA Player";
		};
/* End PBXContainerItemProxy section */

/* Begin PBXFileReference section */
		F4D92214246C1DC300EB4593 /* NBA Player.app */ = {isa = PBXFileReference; explicitFileType = wrapper.application; includeInIndex = 0; path = "NBA Player.app"; sourceTree = BUILT_PRODUCTS_DIR; };
		F4D92217246C1DC300EB4593 /* AppDelegate.swift */ = {isa = PBXFileReference; lastKnownFileType = sourcecode.swift; path = AppDelegate.swift; sourceTree = "<group>"; };
		F4D92219246C1DC300EB4593 /* SceneDelegate.swift */ = {isa = PBXFileReference; lastKnownFileType = sourcecode.swift; path = SceneDelegate.swift; sourceTree = "<group>"; };
		F4D9221B246C1DC300EB4593 /* ContentView.swift */ = {isa = PBXFileReference; lastKnownFileType = sourcecode.swift; path = ContentView.swift; sourceTree = "<group>"; };
		F4D9221D246C1DC400EB4593 /* Assets.xcassets */ = {isa = PBXFileReference; lastKnownFileType = folder.assetcatalog; path = Assets.xcassets; sourceTree = "<group>"; };
		F4D92220246C1DC400EB4593 /* Preview Assets.xcassets */ = {isa = PBXFileReference; lastKnownFileType = folder.assetcatalog; path = "Preview Assets.xcassets"; sourceTree = "<group>"; };
		F4D92223246C1DC400EB4593 /* Base */ = {isa = PBXFileReference; lastKnownFileType = file.storyboard; name = Base; path = Base.lproj/LaunchScreen.storyboard; sourceTree = "<group>"; };
		F4D92225246C1DC400EB4593 /* Info.plist */ = {isa = PBXFileReference; lastKnownFileType = text.plist.xml; path = Info.plist; sourceTree = "<group>"; };
		F4D9222A246C1DC400EB4593 /* NBA PlayerTests.xctest */ = {isa = PBXFileReference; explicitFileType = wrapper.cfbundle; includeInIndex = 0; path = "NBA PlayerTests.xctest"; sourceTree = BUILT_PRODUCTS_DIR; };
		F4D9222E246C1DC400EB4593 /* NBA_PlayerTests.swift */ = {isa = PBXFileReference; lastKnownFileType = sourcecode.swift; path = NBA_PlayerTests.swift; sourceTree = "<group>"; };
		F4D92230246C1DC400EB4593 /* Info.plist */ = {isa = PBXFileReference; lastKnownFileType = text.plist.xml; path = Info.plist; sourceTree = "<group>"; };
		F4D92235246C1DC400EB4593 /* NBA PlayerUITests.xctest */ = {isa = PBXFileReference; explicitFileType = wrapper.cfbundle; includeInIndex = 0; path = "NBA PlayerUITests.xctest"; sourceTree = BUILT_PRODUCTS_DIR; };
		F4D92239246C1DC400EB4593 /* NBA_PlayerUITests.swift */ = {isa = PBXFileReference; lastKnownFileType = sourcecode.swift; path = NBA_PlayerUITests.swift; sourceTree = "<group>"; };
		F4D9223B246C1DC400EB4593 /* Info.plist */ = {isa = PBXFileReference; lastKnownFileType = text.plist.xml; path = Info.plist; sourceTree = "<group>"; };
/* End PBXFileReference section */

/* Begin PBXFrameworksBuildPhase section */
		F4D92211246C1DC300EB4593 /* Frameworks */ = {
			isa = PBXFrameworksBuildPhase;
			buildActionMask = 2147483647;
			files = (
			);
			runOnlyForDeploymentPostprocessing = 0;
		};
		F4D92227246C1DC400EB4593 /* Frameworks */ = {
			isa = PBXFrameworksBuildPhase;
			buildActionMask = 2147483647;
			files = (
			);
			runOnlyForDeploymentPostprocessing = 0;
		};
		F4D92232246C1DC400EB4593 /* Frameworks */ = {
			isa = PBXFrameworksBuildPhase;
			buildActionMask = 2147483647;
			files = (
			);
			runOnlyForDeploymentPostprocessing = 0;
		};
/* End PBXFrameworksBuildPhase section */

/* Begin PBXGroup section */
		F4D9220B246C1DC300EB4593 = {
			isa = PBXGroup;
			children = (
				F4D92216246C1DC300EB4593 /* NBA Player */,
				F4D9222D246C1DC400EB4593 /* NBA PlayerTests */,
				F4D92238246C1DC400EB4593 /* NBA PlayerUITests */,
				F4D92215246C1DC300EB4593 /* Products */,
			);
			sourceTree = "<group>";
		};
		F4D92215246C1DC300EB4593 /* Products */ = {
			isa = PBXGroup;
			children = (
				F4D92214246C1DC300EB4593 /* NBA Player.app */,
				F4D9222A246C1DC400EB4593 /* NBA PlayerTests.xctest */,
				F4D92235246C1DC400EB4593 /* NBA PlayerUITests.xctest */,
			);
			name = Products;
			sourceTree = "<group>";
		};
		F4D92216246C1DC300EB4593 /* NBA Player */ = {
			isa = PBXGroup;
			children = (
				F4D92217246C1DC300EB4593 /* AppDelegate.swift */,
				F4D92219246C1DC300EB4593 /* SceneDelegate.swift */,
				F4D9221B246C1DC300EB4593 /* ContentView.swift */,
				F4D9221D246C1DC400EB4593 /* Assets.xcassets */,
				F4D92222246C1DC400EB4593 /* LaunchScreen.storyboard */,
				F4D92225246C1DC400EB4593 /* Info.plist */,
				F4D9221F246C1DC400EB4593 /* Preview Content */,
			);
			path = "NBA Player";
			sourceTree = "<group>";
		};
		F4D9221F246C1DC400EB4593 /* Preview Content */ = {
			isa = PBXGroup;
			children = (
				F4D92220246C1DC400EB4593 /* Preview Assets.xcassets */,
			);
			path = "Preview Content";
			sourceTree = "<group>";
		};
		F4D9222D246C1DC400EB4593 /* NBA PlayerTests */ = {
			isa = PBXGroup;
			children = (
				F4D9222E246C1DC400EB4593 /* NBA_PlayerTests.swift */,
				F4D92230246C1DC400EB4593 /* Info.plist */,
			);
			path = "NBA PlayerTests";
			sourceTree = "<group>";
		};
		F4D92238246C1DC400EB4593 /* NBA PlayerUITests */ = {
			isa = PBXGroup;
			children = (
				F4D92239246C1DC400EB4593 /* NBA_PlayerUITests.swift */,
				F4D9223B246C1DC400EB4593 /* Info.plist */,
			);
			path = "NBA PlayerUITests";
			sourceTree = "<group>";
		};
/* End PBXGroup section */

/* Begin PBXNativeTarget section */
		F4D92213246C1DC300EB4593 /* NBA Player */ = {
			isa = PBXNativeTarget;
			buildConfigurationList = F4D9223E246C1DC400EB4593 /* Build configuration list for PBXNativeTarget "NBA Player" */;
			buildPhases = (
				F4D92210246C1DC300EB4593 /* Sources */,
				F4D92211246C1DC300EB4593 /* Frameworks */,
				F4D92212246C1DC300EB4593 /* Resources */,
			);
			buildRules = (
			);
			dependencies = (
			);
			name = "NBA Player";
			productName = "NBA Player";
			productReference = F4D92214246C1DC300EB4593 /* NBA Player.app */;
			productType = "com.apple.product-type.application";
		};
		F4D92229246C1DC400EB4593 /* NBA PlayerTests */ = {
			isa = PBXNativeTarget;
			buildConfigurationList = F4D92241246C1DC400EB4593 /* Build configuration list for PBXNativeTarget "NBA PlayerTests" */;
			buildPhases = (
				F4D92226246C1DC400EB4593 /* Sources */,
				F4D92227246C1DC400EB4593 /* Frameworks */,
				F4D92228246C1DC400EB4593 /* Resources */,
			);
			buildRules = (
			);
			dependencies = (
				F4D9222C246C1DC400EB4593 /* PBXTargetDependency */,
			);
			name = "NBA PlayerTests";
			productName = "NBA PlayerTests";
			productReference = F4D9222A246C1DC400EB4593 /* NBA PlayerTests.xctest */;
			productType = "com.apple.product-type.bundle.unit-test";
		};
		F4D92234246C1DC400EB4593 /* NBA PlayerUITests */ = {
			isa = PBXNativeTarget;
			buildConfigurationList = F4D92244246C1DC400EB4593 /* Build configuration list for PBXNativeTarget "NBA PlayerUITests" */;
			buildPhases = (
				F4D92231246C1DC400EB4593 /* Sources */,
				F4D92232246C1DC400EB4593 /* Frameworks */,
				F4D92233246C1DC400EB4593 /* Resources */,
			);
			buildRules = (
			);
			dependencies = (
				F4D92237246C1DC400EB4593 /* PBXTargetDependency */,
			);
			name = "NBA PlayerUITests";
			productName = "NBA PlayerUITests";
			productReference = F4D92235246C1DC400EB4593 /* NBA PlayerUITests.xctest */;
			productType = "com.apple.product-type.bundle.ui-testing";
		};
/* End PBXNativeTarget section */

/* Begin PBXProject section */
		F4D9220C246C1DC300EB4593 /* Project object */ = {
			isa = PBXProject;
			attributes = {
				LastSwiftUpdateCheck = 1140;
				LastUpgradeCheck = 1140;
				ORGANIZATIONNAME = julio;
				TargetAttributes = {
					F4D92213246C1DC300EB4593 = {
						CreatedOnToolsVersion = 11.4.1;
					};
					F4D92229246C1DC400EB4593 = {
						CreatedOnToolsVersion = 11.4.1;
						TestTargetID = F4D92213246C1DC300EB4593;
					};
					F4D92234246C1DC400EB4593 = {
						CreatedOnToolsVersion = 11.4.1;
						TestTargetID = F4D92213246C1DC300EB4593;
					};
				};
			};
			buildConfigurationList = F4D9220F246C1DC300EB4593 /* Build configuration list for PBXProject "NBA Player" */;
			compatibilityVersion = "Xcode 9.3";
			developmentRegion = en;
			hasScannedForEncodings = 0;
			knownRegions = (
				en,
				Base,
			);
			mainGroup = F4D9220B246C1DC300EB4593;
			productRefGroup = F4D92215246C1DC300EB4593 /* Products */;
			projectDirPath = "";
			projectRoot = "";
			targets = (
				F4D92213246C1DC300EB4593 /* NBA Player */,
				F4D92229246C1DC400EB4593 /* NBA PlayerTests */,
				F4D92234246C1DC400EB4593 /* NBA PlayerUITests */,
			);
		};
/* End PBXProject section */

/* Begin PBXResourcesBuildPhase section */
		F4D92212246C1DC300EB4593 /* Resources */ = {
			isa = PBXResourcesBuildPhase;
			buildActionMask = 2147483647;
			files = (
				F4D92224246C1DC400EB4593 /* LaunchScreen.storyboard in Resources */,
				F4D92221246C1DC400EB4593 /* Preview Assets.xcassets in Resources */,
				F4D9221E246C1DC400EB4593 /* Assets.xcassets in Resources */,
			);
			runOnlyForDeploymentPostprocessing = 0;
		};
		F4D92228246C1DC400EB4593 /* Resources */ = {
			isa = PBXResourcesBuildPhase;
			buildActionMask = 2147483647;
			files = (
			);
			runOnlyForDeploymentPostprocessing = 0;
		};
		F4D92233246C1DC400EB4593 /* Resources */ = {
			isa = PBXResourcesBuildPhase;
			buildActionMask = 2147483647;
			files = (
			);
			runOnlyForDeploymentPostprocessing = 0;
		};
/* End PBXResourcesBuildPhase section */

/* Begin PBXSourcesBuildPhase section */
		F4D92210246C1DC300EB4593 /* Sources */ = {
			isa = PBXSourcesBuildPhase;
			buildActionMask = 2147483647;
			files = (
				F4D92218246C1DC300EB4593 /* AppDelegate.swift in Sources */,
				F4D9221A246C1DC300EB4593 /* SceneDelegate.swift in Sources */,
				F4D9221C246C1DC300EB4593 /* ContentView.swift in Sources */,
			);
			runOnlyForDeploymentPostprocessing = 0;
		};
		F4D92226246C1DC400EB4593 /* Sources */ = {
			isa = PBXSourcesBuildPhase;
			buildActionMask = 2147483647;
			files = (
				F4D9222F246C1DC400EB4593 /* NBA_PlayerTests.swift in Sources */,
			);
			runOnlyForDeploymentPostprocessing = 0;
		};
		F4D92231246C1DC400EB4593 /* Sources */ = {
			isa = PBXSourcesBuildPhase;
			buildActionMask = 2147483647;
			files = (
				F4D9223A246C1DC400EB4593 /* NBA_PlayerUITests.swift in Sources */,
			);
			runOnlyForDeploymentPostprocessing = 0;
		};
/* End PBXSourcesBuildPhase section */

/* Begin PBXTargetDependency section */
		F4D9222C246C1DC400EB4593 /* PBXTargetDependency */ = {
			isa = PBXTargetDependency;
			target = F4D92213246C1DC300EB4593 /* NBA Player */;
			targetProxy = F4D9222B246C1DC400EB4593 /* PBXContainerItemProxy */;
		};
		F4D92237246C1DC400EB4593 /* PBXTargetDependency */ = {
			isa = PBXTargetDependency;
			target = F4D92213246C1DC300EB4593 /* NBA Player */;
			targetProxy = F4D92236246C1DC400EB4593 /* PBXContainerItemProxy */;
		};
/* End PBXTargetDependency section */

/* Begin PBXVariantGroup section */
		F4D92222246C1DC400EB4593 /* LaunchScreen.storyboard */ = {
			isa = PBXVariantGroup;
			children = (
				F4D92223246C1DC400EB4593 /* Base */,
			);
			name = LaunchScreen.storyboard;
			sourceTree = "<group>";
		};
/* End PBXVariantGroup section */

/* Begin XCBuildConfiguration section */
		F4D9223C246C1DC400EB4593 /* Debug */ = {
			isa = XCBuildConfiguration;
			buildSettings = {
				ALWAYS_SEARCH_USER_PATHS = NO;
				CLANG_ANALYZER_NONNULL = YES;
				CLANG_ANALYZER_NUMBER_OBJECT_CONVERSION = YES_AGGRESSIVE;
				CLANG_CXX_LANGUAGE_STANDARD = "gnu++14";
				CLANG_CXX_LIBRARY = "libc++";
				CLANG_ENABLE_MODULES = YES;
				CLANG_ENABLE_OBJC_ARC = YES;
				CLANG_ENABLE_OBJC_WEAK = YES;
				CLANG_WARN_BLOCK_CAPTURE_AUTORELEASING = YES;
				CLANG_WARN_BOOL_CONVERSION = YES;
				CLANG_WARN_COMMA = YES;
				CLANG_WARN_CONSTANT_CONVERSION = YES;
				CLANG_WARN_DEPRECATED_OBJC_IMPLEMENTATIONS = YES;
				CLANG_WARN_DIRECT_OBJC_ISA_USAGE = YES_ERROR;
				CLANG_WARN_DOCUMENTATION_COMMENTS = YES;
				CLANG_WARN_EMPTY_BODY = YES;
				CLANG_WARN_ENUM_CONVERSION = YES;
				CLANG_WARN_INFINITE_RECURSION = YES;
				CLANG_WARN_INT_CONVERSION = YES;
				CLANG_WARN_NON_LITERAL_NULL_CONVERSION = YES;
				CLANG_WARN_OBJC_IMPLICIT_RETAIN_SELF = YES;
				CLANG_WARN_OBJC_LITERAL_CONVERSION = YES;
				CLANG_WARN_OBJC_ROOT_CLASS = YES_ERROR;
				CLANG_WARN_RANGE_LOOP_ANALYSIS = YES;
				CLANG_WARN_STRICT_PROTOTYPES = YES;
				CLANG_WARN_SUSPICIOUS_MOVE = YES;
				CLANG_WARN_UNGUARDED_AVAILABILITY = YES_AGGRESSIVE;
				CLANG_WARN_UNREACHABLE_CODE = YES;
				CLANG_WARN__DUPLICATE_METHOD_MATCH = YES;
				COPY_PHASE_STRIP = NO;
				DEBUG_INFORMATION_FORMAT = dwarf;
				ENABLE_STRICT_OBJC_MSGSEND = YES;
				ENABLE_TESTABILITY = YES;
				GCC_C_LANGUAGE_STANDARD = gnu11;
				GCC_DYNAMIC_NO_PIC = NO;
				GCC_NO_COMMON_BLOCKS = YES;
				GCC_OPTIMIZATION_LEVEL = 0;
				GCC_PREPROCESSOR_DEFINITIONS = (
					"DEBUG=1",
					"$(inherited)",
				);
				GCC_WARN_64_TO_32_BIT_CONVERSION = YES;
				GCC_WARN_ABOUT_RETURN_TYPE = YES_ERROR;
				GCC_WARN_UNDECLARED_SELECTOR = YES;
				GCC_WARN_UNINITIALIZED_AUTOS = YES_AGGRESSIVE;
				GCC_WARN_UNUSED_FUNCTION = YES;
				GCC_WARN_UNUSED_VARIABLE = YES;
				IPHONEOS_DEPLOYMENT_TARGET = 13.4;
				MTL_ENABLE_DEBUG_INFO = INCLUDE_SOURCE;
				MTL_FAST_MATH = YES;
				ONLY_ACTIVE_ARCH = YES;
				SDKROOT = iphoneos;
				SWIFT_ACTIVE_COMPILATION_CONDITIONS = DEBUG;
				SWIFT_OPTIMIZATION_LEVEL = "-Onone";
			};
			name = Debug;
		};
		F4D9223D246C1DC400EB4593 /* Release */ = {
			isa = XCBuildConfiguration;
			buildSettings = {
				ALWAYS_SEARCH_USER_PATHS = NO;
				CLANG_ANALYZER_NONNULL = YES;
				CLANG_ANALYZER_NUMBER_OBJECT_CONVERSION = YES_AGGRESSIVE;
				CLANG_CXX_LANGUAGE_STANDARD = "gnu++14";
				CLANG_CXX_LIBRARY = "libc++";
				CLANG_ENABLE_MODULES = YES;
				CLANG_ENABLE_OBJC_ARC = YES;
				CLANG_ENABLE_OBJC_WEAK = YES;
				CLANG_WARN_BLOCK_CAPTURE_AUTORELEASING = YES;
				CLANG_WARN_BOOL_CONVERSION = YES;
				CLANG_WARN_COMMA = YES;
				CLANG_WARN_CONSTANT_CONVERSION = YES;
				CLANG_WARN_DEPRECATED_OBJC_IMPLEMENTATIONS = YES;
				CLANG_WARN_DIRECT_OBJC_ISA_USAGE = YES_ERROR;
				CLANG_WARN_DOCUMENTATION_COMMENTS = YES;
				CLANG_WARN_EMPTY_BODY = YES;
				CLANG_WARN_ENUM_CONVERSION = YES;
				CLANG_WARN_INFINITE_RECURSION = YES;
				CLANG_WARN_INT_CONVERSION = YES;
				CLANG_WARN_NON_LITERAL_NULL_CONVERSION = YES;
				CLANG_WARN_OBJC_IMPLICIT_RETAIN_SELF = YES;
				CLANG_WARN_OBJC_LITERAL_CONVERSION = YES;
				CLANG_WARN_OBJC_ROOT_CLASS = YES_ERROR;
				CLANG_WARN_RANGE_LOOP_ANALYSIS = YES;
				CLANG_WARN_STRICT_PROTOTYPES = YES;
				CLANG_WARN_SUSPICIOUS_MOVE = YES;
				CLANG_WARN_UNGUARDED_AVAILABILITY = YES_AGGRESSIVE;
				CLANG_WARN_UNREACHABLE_CODE = YES;
				CLANG_WARN__DUPLICATE_METHOD_MATCH = YES;
				COPY_PHASE_STRIP = NO;
				DEBUG_INFORMATION_FORMAT = "dwarf-with-dsym";
				ENABLE_NS_ASSERTIONS = NO;
				ENABLE_STRICT_OBJC_MSGSEND = YES;
				GCC_C_LANGUAGE_STANDARD = gnu11;
				GCC_NO_COMMON_BLOCKS = YES;
				GCC_WARN_64_TO_32_BIT_CONVERSION = YES;
				GCC_WARN_ABOUT_RETURN_TYPE = YES_ERROR;
				GCC_WARN_UNDECLARED_SELECTOR = YES;
				GCC_WARN_UNINITIALIZED_AUTOS = YES_AGGRESSIVE;
				GCC_WARN_UNUSED_FUNCTION = YES;
				GCC_WARN_UNUSED_VARIABLE = YES;
				IPHONEOS_DEPLOYMENT_TARGET = 13.4;
				MTL_ENABLE_DEBUG_INFO = NO;
				MTL_FAST_MATH = YES;
				SDKROOT = iphoneos;
				SWIFT_COMPILATION_MODE = wholemodule;
				SWIFT_OPTIMIZATION_LEVEL = "-O";
				VALIDATE_PRODUCT = YES;
			};
			name = Release;
		};
		F4D9223F246C1DC400EB4593 /* Debug */ = {
			isa = XCBuildConfiguration;
			buildSettings = {
				ASSETCATALOG_COMPILER_APPICON_NAME = AppIcon;
				CODE_SIGN_STYLE = Automatic;
				DEVELOPMENT_ASSET_PATHS = "\"NBA Player/Preview Content\"";
				DEVELOPMENT_TEAM = SN83FZJ9R5;
				ENABLE_PREVIEWS = YES;
				INFOPLIST_FILE = "NBA Player/Info.plist";
				LD_RUNPATH_SEARCH_PATHS = (
					"$(inherited)",
					"@executable_path/Frameworks",
				);
				PRODUCT_BUNDLE_IDENTIFIER = "com.application.NBA-Player";
				PRODUCT_NAME = "$(TARGET_NAME)";
				SWIFT_VERSION = 5.0;
				TARGETED_DEVICE_FAMILY = "1,2";
			};
			name = Debug;
		};
		F4D92240246C1DC400EB4593 /* Release */ = {
			isa = XCBuildConfiguration;
			buildSettings = {
				ASSETCATALOG_COMPILER_APPICON_NAME = AppIcon;
				CODE_SIGN_STYLE = Automatic;
				DEVELOPMENT_ASSET_PATHS = "\"NBA Player/Preview Content\"";
				DEVELOPMENT_TEAM = SN83FZJ9R5;
				ENABLE_PREVIEWS = YES;
				INFOPLIST_FILE = "NBA Player/Info.plist";
				LD_RUNPATH_SEARCH_PATHS = (
					"$(inherited)",
					"@executable_path/Frameworks",
				);
				PRODUCT_BUNDLE_IDENTIFIER = "com.application.NBA-Player";
				PRODUCT_NAME = "$(TARGET_NAME)";
				SWIFT_VERSION = 5.0;
				TARGETED_DEVICE_FAMILY = "1,2";
			};
			name = Release;
		};
		F4D92242246C1DC400EB4593 /* Debug */ = {
			isa = XCBuildConfiguration;
			buildSettings = {
				ALWAYS_EMBED_SWIFT_STANDARD_LIBRARIES = YES;
				BUNDLE_LOADER = "$(TEST_HOST)";
				CODE_SIGN_STYLE = Automatic;
				DEVELOPMENT_TEAM = SN83FZJ9R5;
				INFOPLIST_FILE = "NBA PlayerTests/Info.plist";
				IPHONEOS_DEPLOYMENT_TARGET = 13.4;
				LD_RUNPATH_SEARCH_PATHS = (
					"$(inherited)",
					"@executable_path/Frameworks",
					"@loader_path/Frameworks",
				);
				PRODUCT_BUNDLE_IDENTIFIER = "com.application.NBA-PlayerTests";
				PRODUCT_NAME = "$(TARGET_NAME)";
				SWIFT_VERSION = 5.0;
				TARGETED_DEVICE_FAMILY = "1,2";
				TEST_HOST = "$(BUILT_PRODUCTS_DIR)/NBA Player.app/NBA Player";
			};
			name = Debug;
		};
		F4D92243246C1DC400EB4593 /* Release */ = {
			isa = XCBuildConfiguration;
			buildSettings = {
				ALWAYS_EMBED_SWIFT_STANDARD_LIBRARIES = YES;
				BUNDLE_LOADER = "$(TEST_HOST)";
				CODE_SIGN_STYLE = Automatic;
				DEVELOPMENT_TEAM = SN83FZJ9R5;
				INFOPLIST_FILE = "NBA PlayerTests/Info.plist";
				IPHONEOS_DEPLOYMENT_TARGET = 13.4;
				LD_RUNPATH_SEARCH_PATHS = (
					"$(inherited)",
					"@executable_path/Frameworks",
					"@loader_path/Frameworks",
				);
				PRODUCT_BUNDLE_IDENTIFIER = "com.application.NBA-PlayerTests";
				PRODUCT_NAME = "$(TARGET_NAME)";
				SWIFT_VERSION = 5.0;
				TARGETED_DEVICE_FAMILY = "1,2";
				TEST_HOST = "$(BUILT_PRODUCTS_DIR)/NBA Player.app/NBA Player";
			};
			name = Release;
		};
		F4D92245246C1DC400EB4593 /* Debug */ = {
			isa = XCBuildConfiguration;
			buildSettings = {
				ALWAYS_EMBED_SWIFT_STANDARD_LIBRARIES = YES;
				CODE_SIGN_STYLE = Automatic;
				DEVELOPMENT_TEAM = SN83FZJ9R5;
				INFOPLIST_FILE = "NBA PlayerUITests/Info.plist";
				LD_RUNPATH_SEARCH_PATHS = (
					"$(inherited)",
					"@executable_path/Frameworks",
					"@loader_path/Frameworks",
				);
				PRODUCT_BUNDLE_IDENTIFIER = "com.application.NBA-PlayerUITests";
				PRODUCT_NAME = "$(TARGET_NAME)";
				SWIFT_VERSION = 5.0;
				TARGETED_DEVICE_FAMILY = "1,2";
				TEST_TARGET_NAME = "NBA Player";
			};
			name = Debug;
		};
		F4D92246246C1DC400EB4593 /* Release */ = {
			isa = XCBuildConfiguration;
			buildSettings = {
				ALWAYS_EMBED_SWIFT_STANDARD_LIBRARIES = YES;
				CODE_SIGN_STYLE = Automatic;
				DEVELOPMENT_TEAM = SN83FZJ9R5;
				INFOPLIST_FILE = "NBA PlayerUITests/Info.plist";
				LD_RUNPATH_SEARCH_PATHS = (
					"$(inherited)",
					"@executable_path/Frameworks",
					"@loader_path/Frameworks",
				);
				PRODUCT_BUNDLE_IDENTIFIER = "com.application.NBA-PlayerUITests";
				PRODUCT_NAME = "$(TARGET_NAME)";
				SWIFT_VERSION = 5.0;
				TARGETED_DEVICE_FAMILY = "1,2";
				TEST_TARGET_NAME = "NBA Player";
			};
			name = Release;
		};
/* End XCBuildConfiguration section */

/* Begin XCConfigurationList section */
		F4D9220F246C1DC300EB4593 /* Build configuration list for PBXProject "NBA Player" */ = {
			isa = XCConfigurationList;
			buildConfigurations = (
				F4D9223C246C1DC400EB4593 /* Debug */,
				F4D9223D246C1DC400EB4593 /* Release */,
			);
			defaultConfigurationIsVisible = 0;
			defaultConfigurationName = Release;
		};
		F4D9223E246C1DC400EB4593 /* Build configuration list for PBXNativeTarget "NBA Player" */ = {
			isa = XCConfigurationList;
			buildConfigurations = (
				F4D9223F246C1DC400EB4593 /* Debug */,
				F4D92240246C1DC400EB4593 /* Release */,
			);
			defaultConfigurationIsVisible = 0;
			defaultConfigurationName = Release;
		};
		F4D92241246C1DC400EB4593 /* Build configuration list for PBXNativeTarget "NBA PlayerTests" */ = {
			isa = XCConfigurationList;
			buildConfigurations = (
				F4D92242246C1DC400EB4593 /* Debug */,
				F4D92243246C1DC400EB4593 /* Release */,
			);
			defaultConfigurationIsVisible = 0;
			defaultConfigurationName = Release;
		};
		F4D92244246C1DC400EB4593 /* Build configuration list for PBXNativeTarget "NBA PlayerUITests" */ = {
			isa = XCConfigurationList;
			buildConfigurations = (
				F4D92245246C1DC400EB4593 /* Debug */,
				F4D92246246C1DC400EB4593 /* Release */,
			);
			defaultConfigurationIsVisible = 0;
			defaultConfigurationName = Release;
		};
/* End XCConfigurationList section */
	};
	rootObject = F4D9220C246C1DC300EB4593 /* Project object */;
}
